{
  "originHash" : "7e05cc5576025c599d0475671404550040c0a7cf6da95e259c80c6be5d2ff020",
  "pins" : [
    {
      "identity" : "swift-package-manager-google-mobile-ads",
      "kind" : "remoteSourceControl",
      "location" : "https://github.com/googleads/swift-package-manager-google-mobile-ads.git",
      "state" : {
        "revision" : "7778cc1ab037c10dbbe026959e51e616bd961be9",
        "version" : "11.13.0"
      }
    },
    {
      "identity" : "swift-package-manager-google-user-messaging-platform",
      "kind" : "remoteSourceControl",
      "location" : "https://github.com/googleads/swift-package-manager-google-user-messaging-platform.git",
      "state" : {
        "revision" : "708a282840c2171ee63bd93b87afa49fe507d70e",
        "version" : "2.7.0"
      }
    },
    {
      "identity" : "swiftgodotbinary",
      "kind" : "remoteSourceControl",
      "location" : "https://github.com/migueldeicaza/SwiftGodotBinary",
      "state" : {
        "revision" : "bf7cd9cb51b30039199c47811c486976923af93e"
      }
    }
  ],
  "version" : 3
}
